---
formattedref:
  content: draft-ietf-core-new-block
  format: text/plain
relation:
- type: includes
  bibitem:
    formattedref:
      content: draft-ietf-core-new-block-00
      format: text/plain
- type: includes
  bibitem:
    formattedref:
      content: draft-ietf-core-new-block-01
      format: text/plain
- type: includes
  bibitem:
    formattedref:
      content: draft-ietf-core-new-block-02
      format: text/plain
- type: includes
  bibitem:
    formattedref:
      content: draft-ietf-core-new-block-03
      format: text/plain
- type: includes
  bibitem:
    formattedref:
      content: draft-ietf-core-new-block-04
      format: text/plain
- type: includes
  bibitem:
    formattedref:
      content: draft-ietf-core-new-block-05
      format: text/plain
- type: includes
  bibitem:
    formattedref:
      content: draft-ietf-core-new-block-06
      format: text/plain
- type: includes
  bibitem:
    formattedref:
      content: draft-ietf-core-new-block-07
      format: text/plain
- type: includes
  bibitem:
    formattedref:
      content: draft-ietf-core-new-block-08
      format: text/plain
- type: includes
  bibitem:
    formattedref:
      content: draft-ietf-core-new-block-09
      format: text/plain
- type: includes
  bibitem:
    formattedref:
      content: draft-ietf-core-new-block-10
      format: text/plain
- type: includes
  bibitem:
    formattedref:
      content: draft-ietf-core-new-block-11
      format: text/plain
- type: includes
  bibitem:
    formattedref:
      content: draft-ietf-core-new-block-12
      format: text/plain
- type: includes
  bibitem:
    formattedref:
      content: draft-ietf-core-new-block-13
      format: text/plain
- type: includes
  bibitem:
    formattedref:
      content: draft-ietf-core-new-block-14
      format: text/plain
