---
formattedref:
  content: draft-bosh-core-new-block
  format: text/plain
relation:
- type: includes
  bibitem:
    formattedref:
      content: draft-bosh-core-new-block-00
      format: text/plain
- type: includes
  bibitem:
    formattedref:
      content: draft-bosh-core-new-block-01
      format: text/plain
- type: includes
  bibitem:
    formattedref:
      content: draft-bosh-core-new-block-02
      format: text/plain
- type: includes
  bibitem:
    formattedref:
      content: draft-bosh-core-new-block-03
      format: text/plain
- type: includes
  bibitem:
    formattedref:
      content: draft-bosh-core-new-block-04
      format: text/plain
