---
id: draft-srose-smimelock
title:
- content: Using Secure DNS to Assert S/MIME Usage
  language:
  - en
  script:
  - Latn
  format: text/plain
docid:
- id: draft-srose-smimelock
  type: Internet-Draft
  primary: true
abstract:
- content: "<p>This draft defines and discusses the use of a new DNS resource record
    (RR) type to address S/MIME downgrade attacks. The SMIMELOCK RR allows a domain
    to convey general message security policy. Primarily, this RR allows the domain
    owner to advertise a policy that all legitimate messages from this domain will
    be signed by a verifiable certificate.</p>"
  language:
  - en
  script:
  - Latn
  format: text/html
relation:
- type: includes
  bibitem:
    id: draft-srose-smimelock-00
    docid:
    - id: draft-srose-smimelock-00
      type: Internet-Draft
      primary: true
    formattedref:
      content: draft-srose-smimelock-00
      format: text/plain
fetched: '2022-08-12'
