---
id: draft-jiang-mpls-entropy-block
title:
- content: MPLS Entropy Block
  language:
  - en
  script:
  - Latn
  format: text/plain
docid:
- id: draft-jiang-mpls-entropy-block
  type: Internet-Draft
  primary: true
abstract:
- content: "<p>Load balancing across MPLS networks requires entropy information to
    be carried in MPLS label stack and to be handled by the downstream Label Switching
    Routers. This document describes the problems using existing approaches and introduces
    an approach to the solution.</p>"
  language:
  - en
  script:
  - Latn
  format: text/html
relation:
- type: includes
  bibitem:
    id: draft-jiang-mpls-entropy-block-00
    docid:
    - id: draft-jiang-mpls-entropy-block-00
      type: Internet-Draft
      primary: true
    formattedref:
      content: draft-jiang-mpls-entropy-block-00
      format: text/plain
- type: includes
  bibitem:
    id: draft-jiang-mpls-entropy-block-01
    docid:
    - id: draft-jiang-mpls-entropy-block-01
      type: Internet-Draft
      primary: true
    formattedref:
      content: draft-jiang-mpls-entropy-block-01
      format: text/plain
fetched: '2022-07-31'
