---
formattedref:
  content: draft-ietf-core-block
  format: text/plain
relation:
- type: includes
  bibitem:
    formattedref:
      content: draft-ietf-core-block-08
      format: text/plain
- type: includes
  bibitem:
    formattedref:
      content: draft-ietf-core-block-09
      format: text/plain
- type: includes
  bibitem:
    formattedref:
      content: draft-ietf-core-block-10
      format: text/plain
- type: includes
  bibitem:
    formattedref:
      content: draft-ietf-core-block-11
      format: text/plain
- type: includes
  bibitem:
    formattedref:
      content: draft-ietf-core-block-12
      format: text/plain
- type: includes
  bibitem:
    formattedref:
      content: draft-ietf-core-block-13
      format: text/plain
- type: includes
  bibitem:
    formattedref:
      content: draft-ietf-core-block-14
      format: text/plain
- type: includes
  bibitem:
    formattedref:
      content: draft-ietf-core-block-15
      format: text/plain
- type: includes
  bibitem:
    formattedref:
      content: draft-ietf-core-block-16
      format: text/plain
- type: includes
  bibitem:
    formattedref:
      content: draft-ietf-core-block-17
      format: text/plain
- type: includes
  bibitem:
    formattedref:
      content: draft-ietf-core-block-18
      format: text/plain
- type: includes
  bibitem:
    formattedref:
      content: draft-ietf-core-block-19
      format: text/plain
- type: includes
  bibitem:
    formattedref:
      content: draft-ietf-core-block-20
      format: text/plain
- type: includes
  bibitem:
    formattedref:
      content: draft-ietf-core-block-21
      format: text/plain
