---
formattedref:
  content: draft-bryan-ftp-lock
  format: text/plain
relation:
- type: includes
  bibitem:
    formattedref:
      content: draft-bryan-ftp-lock-00
      format: text/plain
- type: includes
  bibitem:
    formattedref:
      content: draft-bryan-ftp-lock-01
      format: text/plain
- type: includes
  bibitem:
    formattedref:
      content: draft-bryan-ftp-lock-02
      format: text/plain
