---
id: draft-baeuerle-netnews-cancel-lock
title:
- content: Cancel-Locks in Netnews Articles
  language:
  - en
  script:
  - Latn
  format: text/plain
docid:
- id: draft-baeuerle-netnews-cancel-lock
  type: Internet-Draft
  primary: true
abstract:
- content: "<p>This document defines an extension to the Netnews Article Format that
    may be used to authenticate the withdrawal of existing articles. This document
    updates RFC 5537.</p>"
  language:
  - en
  script:
  - Latn
  format: text/html
relation:
- type: includes
  bibitem:
    id: draft-baeuerle-netnews-cancel-lock-00
    docid:
    - id: draft-baeuerle-netnews-cancel-lock-00
      type: Internet-Draft
      primary: true
    formattedref:
      content: draft-baeuerle-netnews-cancel-lock-00
      format: text/plain
- type: includes
  bibitem:
    id: draft-baeuerle-netnews-cancel-lock-01
    docid:
    - id: draft-baeuerle-netnews-cancel-lock-01
      type: Internet-Draft
      primary: true
    formattedref:
      content: draft-baeuerle-netnews-cancel-lock-01
      format: text/plain
- type: includes
  bibitem:
    id: draft-baeuerle-netnews-cancel-lock-02
    docid:
    - id: draft-baeuerle-netnews-cancel-lock-02
      type: Internet-Draft
      primary: true
    formattedref:
      content: draft-baeuerle-netnews-cancel-lock-02
      format: text/plain
- type: includes
  bibitem:
    id: draft-baeuerle-netnews-cancel-lock-03
    docid:
    - id: draft-baeuerle-netnews-cancel-lock-03
      type: Internet-Draft
      primary: true
    formattedref:
      content: draft-baeuerle-netnews-cancel-lock-03
      format: text/plain
- type: includes
  bibitem:
    id: draft-baeuerle-netnews-cancel-lock-04
    docid:
    - id: draft-baeuerle-netnews-cancel-lock-04
      type: Internet-Draft
      primary: true
    formattedref:
      content: draft-baeuerle-netnews-cancel-lock-04
      format: text/plain
- type: includes
  bibitem:
    id: draft-baeuerle-netnews-cancel-lock-05
    docid:
    - id: draft-baeuerle-netnews-cancel-lock-05
      type: Internet-Draft
      primary: true
    formattedref:
      content: draft-baeuerle-netnews-cancel-lock-05
      format: text/plain
- type: includes
  bibitem:
    id: draft-baeuerle-netnews-cancel-lock-06
    docid:
    - id: draft-baeuerle-netnews-cancel-lock-06
      type: Internet-Draft
      primary: true
    formattedref:
      content: draft-baeuerle-netnews-cancel-lock-06
      format: text/plain
- type: includes
  bibitem:
    id: draft-baeuerle-netnews-cancel-lock-07
    docid:
    - id: draft-baeuerle-netnews-cancel-lock-07
      type: Internet-Draft
      primary: true
    formattedref:
      content: draft-baeuerle-netnews-cancel-lock-07
      format: text/plain
- type: includes
  bibitem:
    id: draft-baeuerle-netnews-cancel-lock-08
    docid:
    - id: draft-baeuerle-netnews-cancel-lock-08
      type: Internet-Draft
      primary: true
    formattedref:
      content: draft-baeuerle-netnews-cancel-lock-08
      format: text/plain
- type: includes
  bibitem:
    id: draft-baeuerle-netnews-cancel-lock-09
    docid:
    - id: draft-baeuerle-netnews-cancel-lock-09
      type: Internet-Draft
      primary: true
    formattedref:
      content: draft-baeuerle-netnews-cancel-lock-09
      format: text/plain
fetched: '2022-08-28'
