---
formattedref:
  content: draft-ietf-lisp-eid-block
  format: text/plain
relation:
- type: includes
  bibitem:
    formattedref:
      content: draft-ietf-lisp-eid-block-01
      format: text/plain
- type: includes
  bibitem:
    formattedref:
      content: draft-ietf-lisp-eid-block-02
      format: text/plain
- type: includes
  bibitem:
    formattedref:
      content: draft-ietf-lisp-eid-block-03
      format: text/plain
- type: includes
  bibitem:
    formattedref:
      content: draft-ietf-lisp-eid-block-04
      format: text/plain
- type: includes
  bibitem:
    formattedref:
      content: draft-ietf-lisp-eid-block-05
      format: text/plain
- type: includes
  bibitem:
    formattedref:
      content: draft-ietf-lisp-eid-block-06
      format: text/plain
- type: includes
  bibitem:
    formattedref:
      content: draft-ietf-lisp-eid-block-07
      format: text/plain
- type: includes
  bibitem:
    formattedref:
      content: draft-ietf-lisp-eid-block-08
      format: text/plain
- type: includes
  bibitem:
    formattedref:
      content: draft-ietf-lisp-eid-block-09
      format: text/plain
- type: includes
  bibitem:
    formattedref:
      content: draft-ietf-lisp-eid-block-10
      format: text/plain
- type: includes
  bibitem:
    formattedref:
      content: draft-ietf-lisp-eid-block-11
      format: text/plain
- type: includes
  bibitem:
    formattedref:
      content: draft-ietf-lisp-eid-block-12
      format: text/plain
- type: includes
  bibitem:
    formattedref:
      content: draft-ietf-lisp-eid-block-13
      format: text/plain
- type: includes
  bibitem:
    formattedref:
      content: draft-ietf-lisp-eid-block-mgmnt-00
      format: text/plain
- type: includes
  bibitem:
    formattedref:
      content: draft-ietf-lisp-eid-block-mgmnt-01
      format: text/plain
- type: includes
  bibitem:
    formattedref:
      content: draft-ietf-lisp-eid-block-mgmnt-02
      format: text/plain
- type: includes
  bibitem:
    formattedref:
      content: draft-ietf-lisp-eid-block-mgmnt-03
      format: text/plain
- type: includes
  bibitem:
    formattedref:
      content: draft-ietf-lisp-eid-block-mgmnt-04
      format: text/plain
- type: includes
  bibitem:
    formattedref:
      content: draft-ietf-lisp-eid-block-mgmnt-05
      format: text/plain
- type: includes
  bibitem:
    formattedref:
      content: draft-ietf-lisp-eid-block-mgmnt-06
      format: text/plain
- type: includes
  bibitem:
    formattedref:
      content: draft-ietf-lisp-eid-block-mgmnt-07
      format: text/plain
