---
schema-version: v1.2.3
id: draft-sipos-dtn-manifest-block
title:
- content: Bundle Protocol (BP) Manifest Block
  language:
  - en
  script:
  - Latn
  format: text/plain
docid:
- id: draft-sipos-dtn-manifest-block
  type: Internet-Draft
  primary: true
abstract:
- content: "<p>This document defines an extension block type for Bundle Protocol version
    7 to capture discretionary summary data about the state of a Bundle at the time
    the extension block is added. This Manifest structure is a general purpose container
    for information about other blocks, and can be used as a piece-part of a larger
    security operation.</p>"
  language:
  - en
  script:
  - Latn
  format: text/html
relation:
- type: includes
  bibitem:
    id: draft-sipos-dtn-manifest-block-00
    docid:
    - id: draft-sipos-dtn-manifest-block-00
      type: Internet-Draft
      primary: true
    formattedref:
      content: draft-sipos-dtn-manifest-block-00
      format: text/plain
ext:
  schema-version: v1.0.1
