---
formattedref:
  content: draft-jiang-mpls-entropy-block
  format: text/plain
relation:
- type: includes
  bibitem:
    formattedref:
      content: draft-jiang-mpls-entropy-block-00
      format: text/plain
- type: includes
  bibitem:
    formattedref:
      content: draft-jiang-mpls-entropy-block-01
      format: text/plain
