---
formattedref:
  content: draft-baeuerle-netnews-cancel-lock
  format: text/plain
relation:
- type: includes
  bibitem:
    formattedref:
      content: draft-baeuerle-netnews-cancel-lock-00
      format: text/plain
- type: includes
  bibitem:
    formattedref:
      content: draft-baeuerle-netnews-cancel-lock-01
      format: text/plain
- type: includes
  bibitem:
    formattedref:
      content: draft-baeuerle-netnews-cancel-lock-02
      format: text/plain
- type: includes
  bibitem:
    formattedref:
      content: draft-baeuerle-netnews-cancel-lock-03
      format: text/plain
- type: includes
  bibitem:
    formattedref:
      content: draft-baeuerle-netnews-cancel-lock-04
      format: text/plain
- type: includes
  bibitem:
    formattedref:
      content: draft-baeuerle-netnews-cancel-lock-05
      format: text/plain
- type: includes
  bibitem:
    formattedref:
      content: draft-baeuerle-netnews-cancel-lock-06
      format: text/plain
- type: includes
  bibitem:
    formattedref:
      content: draft-baeuerle-netnews-cancel-lock-07
      format: text/plain
- type: includes
  bibitem:
    formattedref:
      content: draft-baeuerle-netnews-cancel-lock-08
      format: text/plain
- type: includes
  bibitem:
    formattedref:
      content: draft-baeuerle-netnews-cancel-lock-09
      format: text/plain
