---
schema-version: v1.2.3
id: draft-skoglund-epp-registry-lock
title:
- content: Registry Lock Extension for the Extensible Provisioning Protocol (EPP)
  language:
  - en
  script:
  - Latn
  format: text/plain
docid:
- id: draft-skoglund-epp-registry-lock
  type: Internet-Draft
  primary: true
abstract:
- content: "<p>This document describes an Extensible Provisioning Protocol (EPP) extension
    for setting and managing a registry lock on a domain object. TO BE REMOVED: This
    document is being collaborated on in Github at: https://github.com/EricIO/draft-regext-epp-registry-lock
    (https://github.com/EricIO/draft-regext-epp-registry-lock). The most recent working
    version of the document, open issues, etc. should all be available there. The
    authors (gratefully) accept pull requests.</p>"
  language:
  - en
  script:
  - Latn
  format: text/html
relation:
- type: includes
  bibitem:
    id: draft-skoglund-epp-registry-lock-00
    docid:
    - id: draft-skoglund-epp-registry-lock-00
      type: Internet-Draft
      primary: true
    formattedref:
      content: draft-skoglund-epp-registry-lock-00
      format: text/plain
ext:
  schema-version: v1.0.1
